
Microsoft Visual Studio Solution File, Format Version 12.00
# Visual Studio Version 16
VisualStudioVersion = 16.0.28803.156
MinimumVisualStudioVersion = 10.0.40219.1
Project("{2150E333-8FDC-42A3-9474-1A3956D46DE8}") = "src", "src", "{CC27A8FD-808B-4AE7-B198-8BAFCC08F626}"
EndProject
Project("{FAE04EC0-301F-11D3-BF4B-00C04F79EFBC}") = "SimpleWebApiBot", "src\SimpleWebApiBot\SimpleWebApiBot.csproj", "{D7C84110-3F77-460A-923F-950E3313A761}"
EndProject
Global
	GlobalSection(SolutionConfigurationPlatforms) = preSolution
		Debug|Any CPU = Debug|Any CPU
		Release|Any CPU = Release|Any CPU
	EndGlobalSection
	GlobalSection(ProjectConfigurationPlatforms) = postSolution
		{D7C84110-3F77-460A-923F-950E3313A761}.Debug|Any CPU.ActiveCfg = Debug|Any CPU
		{D7C84110-3F77-460A-923F-950E3313A761}.Debug|Any CPU.Build.0 = Debug|Any CPU
		{D7C84110-3F77-460A-923F-950E3313A761}.Release|Any CPU.ActiveCfg = Release|Any CPU
		{D7C84110-3F77-460A-923F-950E3313A761}.Release|Any CPU.Build.0 = Release|Any CPU
	EndGlobalSection
	GlobalSection(SolutionProperties) = preSolution
		HideSolutionNode = FALSE
	EndGlobalSection
	GlobalSection(NestedProjects) = preSolution
		{D7C84110-3F77-460A-923F-950E3313A761} = {CC27A8FD-808B-4AE7-B198-8BAFCC08F626}
	EndGlobalSection
	GlobalSection(ExtensibilityGlobals) = postSolution
		SolutionGuid = {FCE3B2D4-BB6E-4DC6-A08F-0A04ABAD2A25}
	EndGlobalSection
EndGlobal
